// !$*UTF8*$!
{
	archiveVersion = 1;
	classes = {
	};
	objectVersion = 50;
	objects = {

/* Begin PBXBuildFile section */
		5F18FB6225DD976100640C68 /* FetchingManager.swift in Sources */ = {isa = PBXBuildFile; fileRef = 5F18FB6125DD976100640C68 /* FetchingManager.swift */; };
		5F18FB6B25DDAD4B00640C68 /* PopupViews.swift in Sources */ = {isa = PBXBuildFile; fileRef = 5F18FB6A25DDAD4B00640C68 /* PopupViews.swift */; };
		5F19327C25DD4B0200F0494B /* AppDelegate.swift in Sources */ = {isa = PBXBuildFile; fileRef = 5F19327B25DD4B0200F0494B /* AppDelegate.swift */; };
		5F19328025DD4B0200F0494B /* MovieListViewController.swift in Sources */ = {isa = PBXBuildFile; fileRef = 5F19327F25DD4B0200F0494B /* MovieListViewController.swift */; };
		5F19328325DD4B0200F0494B /* Main.storyboard in Resources */ = {isa = PBXBuildFile; fileRef = 5F19328125DD4B0200F0494B /* Main.storyboard */; };
		5F19328525DD4B0200F0494B /* Assets.xcassets in Resources */ = {isa = PBXBuildFile; fileRef = 5F19328425DD4B0200F0494B /* Assets.xcassets */; };
		5F19328825DD4B0200F0494B /* LaunchScreen.storyboard in Resources */ = {isa = PBXBuildFile; fileRef = 5F19328625DD4B0200F0494B /* LaunchScreen.storyboard */; };
		5F19329325DD4B0200F0494B /* MovieLandTests.swift in Sources */ = {isa = PBXBuildFile; fileRef = 5F19329225DD4B0200F0494B /* MovieLandTests.swift */; };
		5F19329E25DD4B0200F0494B /* MovieLandUITests.swift in Sources */ = {isa = PBXBuildFile; fileRef = 5F19329D25DD4B0200F0494B /* MovieLandUITests.swift */; };
		5F1932C625DD50AE00F0494B /* MovieCollectionViewCell.swift in Sources */ = {isa = PBXBuildFile; fileRef = 5F1932C425DD50AE00F0494B /* MovieCollectionViewCell.swift */; };
		5F1932C725DD50AE00F0494B /* MovieCollectionViewCell.xib in Resources */ = {isa = PBXBuildFile; fileRef = 5F1932C525DD50AE00F0494B /* MovieCollectionViewCell.xib */; };
		5F34C10425DE3BF900701CBC /* Movie.swift in Sources */ = {isa = PBXBuildFile; fileRef = 5F34C10325DE3BF900701CBC /* Movie.swift */; };
		5F34C11625DE88D800701CBC /* MovieDetailsViewController.swift in Sources */ = {isa = PBXBuildFile; fileRef = 5F34C11525DE88D800701CBC /* MovieDetailsViewController.swift */; };
		5F34C11E25DEA2F100701CBC /* UserDefaultsManager.swift in Sources */ = {isa = PBXBuildFile; fileRef = 5F34C11D25DEA2F100701CBC /* UserDefaultsManager.swift */; };
		5F34C12A25DEFC1A00701CBC /* LoadMoreCell.swift in Sources */ = {isa = PBXBuildFile; fileRef = 5F34C12825DEFC1A00701CBC /* LoadMoreCell.swift */; };
		5F34C12B25DEFC1A00701CBC /* LoadMoreCell.xib in Resources */ = {isa = PBXBuildFile; fileRef = 5F34C12925DEFC1A00701CBC /* LoadMoreCell.xib */; };
		5F34C13B25DF064300701CBC /* SceneDelegate.swift in Sources */ = {isa = PBXBuildFile; fileRef = 5F34C13A25DF064300701CBC /* SceneDelegate.swift */; };
/* End PBXBuildFile section */

/* Begin PBXContainerItemProxy section */
		5F19328F25DD4B0200F0494B /* PBXContainerItemProxy */ = {
			isa = PBXContainerItemProxy;
			containerPortal = 5F19327025DD4B0200F0494B /* Project object */;
			proxyType = 1;
			remoteGlobalIDString = 5F19327725DD4B0200F0494B;
			remoteInfo = MovieLand;
		};
		5F19329A25DD4B0200F0494B /* PBXContainerItemProxy */ = {
			isa = PBXContainerItemProxy;
			containerPortal = 5F19327025DD4B0200F0494B /* Project object */;
			proxyType = 1;
			remoteGlobalIDString = 5F19327725DD4B0200F0494B;
			remoteInfo = MovieLand;
		};
/* End PBXContainerItemProxy section */

/* Begin PBXFileReference section */
		5F18FB6125DD976100640C68 /* FetchingManager.swift */ = {isa = PBXFileReference; lastKnownFileType = sourcecode.swift; path = FetchingManager.swift; sourceTree = "<group>"; };
		5F18FB6A25DDAD4B00640C68 /* PopupViews.swift */ = {isa = PBXFileReference; lastKnownFileType = sourcecode.swift; path = PopupViews.swift; sourceTree = "<group>"; };
		5F19327825DD4B0200F0494B /* MovieLand.app */ = {isa = PBXFileReference; explicitFileType = wrapper.application; includeInIndex = 0; path = MovieLand.app; sourceTree = BUILT_PRODUCTS_DIR; };
		5F19327B25DD4B0200F0494B /* AppDelegate.swift */ = {isa = PBXFileReference; lastKnownFileType = sourcecode.swift; path = AppDelegate.swift; sourceTree = "<group>"; };
		5F19327F25DD4B0200F0494B /* MovieListViewController.swift */ = {isa = PBXFileReference; lastKnownFileType = sourcecode.swift; path = MovieListViewController.swift; sourceTree = "<group>"; usesTabs = 1; };
		5F19328225DD4B0200F0494B /* Base */ = {isa = PBXFileReference; lastKnownFileType = file.storyboard; name = Base; path = Base.lproj/Main.storyboard; sourceTree = "<group>"; };
		5F19328425DD4B0200F0494B /* Assets.xcassets */ = {isa = PBXFileReference; lastKnownFileType = folder.assetcatalog; path = Assets.xcassets; sourceTree = "<group>"; };
		5F19328725DD4B0200F0494B /* Base */ = {isa = PBXFileReference; lastKnownFileType = file.storyboard; name = Base; path = Base.lproj/LaunchScreen.storyboard; sourceTree = "<group>"; };
		5F19328925DD4B0200F0494B /* Info.plist */ = {isa = PBXFileReference; lastKnownFileType = text.plist.xml; path = Info.plist; sourceTree = "<group>"; };
		5F19328E25DD4B0200F0494B /* MovieLandTests.xctest */ = {isa = PBXFileReference; explicitFileType = wrapper.cfbundle; includeInIndex = 0; path = MovieLandTests.xctest; sourceTree = BUILT_PRODUCTS_DIR; };
		5F19329225DD4B0200F0494B /* MovieLandTests.swift */ = {isa = PBXFileReference; lastKnownFileType = sourcecode.swift; path = MovieLandTests.swift; sourceTree = "<group>"; };
		5F19329425DD4B0200F0494B /* Info.plist */ = {isa = PBXFileReference; lastKnownFileType = text.plist.xml; path = Info.plist; sourceTree = "<group>"; };
		5F19329925DD4B0200F0494B /* MovieLandUITests.xctest */ = {isa = PBXFileReference; explicitFileType = wrapper.cfbundle; includeInIndex = 0; path = MovieLandUITests.xctest; sourceTree = BUILT_PRODUCTS_DIR; };
		5F19329D25DD4B0200F0494B /* MovieLandUITests.swift */ = {isa = PBXFileReference; lastKnownFileType = sourcecode.swift; path = MovieLandUITests.swift; sourceTree = "<group>"; };
		5F19329F25DD4B0200F0494B /* Info.plist */ = {isa = PBXFileReference; lastKnownFileType = text.plist.xml; path = Info.plist; sourceTree = "<group>"; };
		5F1932C425DD50AE00F0494B /* MovieCollectionViewCell.swift */ = {isa = PBXFileReference; lastKnownFileType = sourcecode.swift; path = MovieCollectionViewCell.swift; sourceTree = "<group>"; };
		5F1932C525DD50AE00F0494B /* MovieCollectionViewCell.xib */ = {isa = PBXFileReference; lastKnownFileType = file.xib; path = MovieCollectionViewCell.xib; sourceTree = "<group>"; };
		5F34C10325DE3BF900701CBC /* Movie.swift */ = {isa = PBXFileReference; lastKnownFileType = sourcecode.swift; path = Movie.swift; sourceTree = "<group>"; };
		5F34C11525DE88D800701CBC /* MovieDetailsViewController.swift */ = {isa = PBXFileReference; lastKnownFileType = sourcecode.swift; path = MovieDetailsViewController.swift; sourceTree = "<group>"; };
		5F34C11D25DEA2F100701CBC /* UserDefaultsManager.swift */ = {isa = PBXFileReference; lastKnownFileType = sourcecode.swift; path = UserDefaultsManager.swift; sourceTree = "<group>"; };
		5F34C12825DEFC1A00701CBC /* LoadMoreCell.swift */ = {isa = PBXFileReference; lastKnownFileType = sourcecode.swift; path = LoadMoreCell.swift; sourceTree = "<group>"; };
		5F34C12925DEFC1A00701CBC /* LoadMoreCell.xib */ = {isa = PBXFileReference; lastKnownFileType = file.xib; path = LoadMoreCell.xib; sourceTree = "<group>"; };
		5F34C13A25DF064300701CBC /* SceneDelegate.swift */ = {isa = PBXFileReference; fileEncoding = 4; lastKnownFileType = sourcecode.swift; path = SceneDelegate.swift; sourceTree = "<group>"; };
/* End PBXFileReference section */

/* Begin PBXFrameworksBuildPhase section */
		5F19327525DD4B0200F0494B /* Frameworks */ = {
			isa = PBXFrameworksBuildPhase;
			buildActionMask = 2147483647;
			files = (
			);
			runOnlyForDeploymentPostprocessing = 0;
		};
		5F19328B25DD4B0200F0494B /* Frameworks */ = {
			isa = PBXFrameworksBuildPhase;
			buildActionMask = 2147483647;
			files = (
			);
			runOnlyForDeploymentPostprocessing = 0;
		};
		5F19329625DD4B0200F0494B /* Frameworks */ = {
			isa = PBXFrameworksBuildPhase;
			buildActionMask = 2147483647;
			files = (
			);
			runOnlyForDeploymentPostprocessing = 0;
		};
/* End PBXFrameworksBuildPhase section */

/* Begin PBXGroup section */
		5F18FB6025DD96E900640C68 /* Utils */ = {
			isa = PBXGroup;
			children = (
				5F18FB6125DD976100640C68 /* FetchingManager.swift */,
				5F34C11D25DEA2F100701CBC /* UserDefaultsManager.swift */,
			);
			path = Utils;
			sourceTree = "<group>";
		};
		5F18FB6925DDAD1400640C68 /* Dialogues */ = {
			isa = PBXGroup;
			children = (
				5F18FB6A25DDAD4B00640C68 /* PopupViews.swift */,
			);
			path = Dialogues;
			sourceTree = "<group>";
		};
		5F19326F25DD4B0200F0494B = {
			isa = PBXGroup;
			children = (
				5F19327A25DD4B0200F0494B /* MovieLand */,
				5F19329125DD4B0200F0494B /* MovieLandTests */,
				5F19329C25DD4B0200F0494B /* MovieLandUITests */,
				5F19327925DD4B0200F0494B /* Products */,
			);
			sourceTree = "<group>";
		};
		5F19327925DD4B0200F0494B /* Products */ = {
			isa = PBXGroup;
			children = (
				5F19327825DD4B0200F0494B /* MovieLand.app */,
				5F19328E25DD4B0200F0494B /* MovieLandTests.xctest */,
				5F19329925DD4B0200F0494B /* MovieLandUITests.xctest */,
			);
			name = Products;
			sourceTree = "<group>";
		};
		5F19327A25DD4B0200F0494B /* MovieLand */ = {
			isa = PBXGroup;
			children = (
				5F34C10B25DE820100701CBC /* ViewControllers */,
				5F34C10225DE3B7F00701CBC /* Models */,
				5F18FB6925DDAD1400640C68 /* Dialogues */,
				5F18FB6025DD96E900640C68 /* Utils */,
				5F1932CB25DD53F000F0494B /* Cells */,
				5F19327B25DD4B0200F0494B /* AppDelegate.swift */,
				5F34C13A25DF064300701CBC /* SceneDelegate.swift */,
				5F19328125DD4B0200F0494B /* Main.storyboard */,
				5F19328425DD4B0200F0494B /* Assets.xcassets */,
				5F19328625DD4B0200F0494B /* LaunchScreen.storyboard */,
				5F19328925DD4B0200F0494B /* Info.plist */,
			);
			path = MovieLand;
			sourceTree = "<group>";
		};
		5F19329125DD4B0200F0494B /* MovieLandTests */ = {
			isa = PBXGroup;
			children = (
				5F19329225DD4B0200F0494B /* MovieLandTests.swift */,
				5F19329425DD4B0200F0494B /* Info.plist */,
			);
			path = MovieLandTests;
			sourceTree = "<group>";
		};
		5F19329C25DD4B0200F0494B /* MovieLandUITests */ = {
			isa = PBXGroup;
			children = (
				5F19329D25DD4B0200F0494B /* MovieLandUITests.swift */,
				5F19329F25DD4B0200F0494B /* Info.plist */,
			);
			path = MovieLandUITests;
			sourceTree = "<group>";
		};
		5F1932CB25DD53F000F0494B /* Cells */ = {
			isa = PBXGroup;
			children = (
				5F1932C425DD50AE00F0494B /* MovieCollectionViewCell.swift */,
				5F1932C525DD50AE00F0494B /* MovieCollectionViewCell.xib */,
				5F34C12825DEFC1A00701CBC /* LoadMoreCell.swift */,
				5F34C12925DEFC1A00701CBC /* LoadMoreCell.xib */,
			);
			path = Cells;
			sourceTree = "<group>";
		};
		5F34C10225DE3B7F00701CBC /* Models */ = {
			isa = PBXGroup;
			children = (
				5F34C10325DE3BF900701CBC /* Movie.swift */,
			);
			path = Models;
			sourceTree = "<group>";
		};
		5F34C10B25DE820100701CBC /* ViewControllers */ = {
			isa = PBXGroup;
			children = (
				5F19327F25DD4B0200F0494B /* MovieListViewController.swift */,
				5F34C11525DE88D800701CBC /* MovieDetailsViewController.swift */,
			);
			path = ViewControllers;
			sourceTree = "<group>";
		};
/* End PBXGroup section */

/* Begin PBXNativeTarget section */
		5F19327725DD4B0200F0494B /* MovieLand */ = {
			isa = PBXNativeTarget;
			buildConfigurationList = 5F1932A225DD4B0200F0494B /* Build configuration list for PBXNativeTarget "MovieLand" */;
			buildPhases = (
				5F19327425DD4B0200F0494B /* Sources */,
				5F19327525DD4B0200F0494B /* Frameworks */,
				5F19327625DD4B0200F0494B /* Resources */,
			);
			buildRules = (
			);
			dependencies = (
			);
			name = MovieLand;
			productName = MovieLand;
			productReference = 5F19327825DD4B0200F0494B /* MovieLand.app */;
			productType = "com.apple.product-type.application";
		};
		5F19328D25DD4B0200F0494B /* MovieLandTests */ = {
			isa = PBXNativeTarget;
			buildConfigurationList = 5F1932A525DD4B0200F0494B /* Build configuration list for PBXNativeTarget "MovieLandTests" */;
			buildPhases = (
				5F19328A25DD4B0200F0494B /* Sources */,
				5F19328B25DD4B0200F0494B /* Frameworks */,
				5F19328C25DD4B0200F0494B /* Resources */,
			);
			buildRules = (
			);
			dependencies = (
				5F19329025DD4B0200F0494B /* PBXTargetDependency */,
			);
			name = MovieLandTests;
			productName = MovieLandTests;
			productReference = 5F19328E25DD4B0200F0494B /* MovieLandTests.xctest */;
			productType = "com.apple.product-type.bundle.unit-test";
		};
		5F19329825DD4B0200F0494B /* MovieLandUITests */ = {
			isa = PBXNativeTarget;
			buildConfigurationList = 5F1932A825DD4B0200F0494B /* Build configuration list for PBXNativeTarget "MovieLandUITests" */;
			buildPhases = (
				5F19329525DD4B0200F0494B /* Sources */,
				5F19329625DD4B0200F0494B /* Frameworks */,
				5F19329725DD4B0200F0494B /* Resources */,
			);
			buildRules = (
			);
			dependencies = (
				5F19329B25DD4B0200F0494B /* PBXTargetDependency */,
			);
			name = MovieLandUITests;
			productName = MovieLandUITests;
			productReference = 5F19329925DD4B0200F0494B /* MovieLandUITests.xctest */;
			productType = "com.apple.product-type.bundle.ui-testing";
		};
/* End PBXNativeTarget section */

/* Begin PBXProject section */
		5F19327025DD4B0200F0494B /* Project object */ = {
			isa = PBXProject;
			attributes = {
				LastSwiftUpdateCheck = 1240;
				LastUpgradeCheck = 1240;
				TargetAttributes = {
					5F19327725DD4B0200F0494B = {
						CreatedOnToolsVersion = 12.4;
					};
					5F19328D25DD4B0200F0494B = {
						CreatedOnToolsVersion = 12.4;
						TestTargetID = 5F19327725DD4B0200F0494B;
					};
					5F19329825DD4B0200F0494B = {
						CreatedOnToolsVersion = 12.4;
						TestTargetID = 5F19327725DD4B0200F0494B;
					};
				};
			};
			buildConfigurationList = 5F19327325DD4B0200F0494B /* Build configuration list for PBXProject "MovieLand" */;
			compatibilityVersion = "Xcode 9.3";
			developmentRegion = en;
			hasScannedForEncodings = 0;
			knownRegions = (
				en,
				Base,
			);
			mainGroup = 5F19326F25DD4B0200F0494B;
			productRefGroup = 5F19327925DD4B0200F0494B /* Products */;
			projectDirPath = "";
			projectRoot = "";
			targets = (
				5F19327725DD4B0200F0494B /* MovieLand */,
				5F19328D25DD4B0200F0494B /* MovieLandTests */,
				5F19329825DD4B0200F0494B /* MovieLandUITests */,
			);
		};
/* End PBXProject section */

/* Begin PBXResourcesBuildPhase section */
		5F19327625DD4B0200F0494B /* Resources */ = {
			isa = PBXResourcesBuildPhase;
			buildActionMask = 2147483647;
			files = (
				5F19328825DD4B0200F0494B /* LaunchScreen.storyboard in Resources */,
				5F34C12B25DEFC1A00701CBC /* LoadMoreCell.xib in Resources */,
				5F19328525DD4B0200F0494B /* Assets.xcassets in Resources */,
				5F19328325DD4B0200F0494B /* Main.storyboard in Resources */,
				5F1932C725DD50AE00F0494B /* MovieCollectionViewCell.xib in Resources */,
			);
			runOnlyForDeploymentPostprocessing = 0;
		};
		5F19328C25DD4B0200F0494B /* Resources */ = {
			isa = PBXResourcesBuildPhase;
			buildActionMask = 2147483647;
			files = (
			);
			runOnlyForDeploymentPostprocessing = 0;
		};
		5F19329725DD4B0200F0494B /* Resources */ = {
			isa = PBXResourcesBuildPhase;
			buildActionMask = 2147483647;
			files = (
			);
			runOnlyForDeploymentPostprocessing = 0;
		};
/* End PBXResourcesBuildPhase section */

/* Begin PBXSourcesBuildPhase section */
		5F19327425DD4B0200F0494B /* Sources */ = {
			isa = PBXSourcesBuildPhase;
			buildActionMask = 2147483647;
			files = (
				5F34C11625DE88D800701CBC /* MovieDetailsViewController.swift in Sources */,
				5F34C10425DE3BF900701CBC /* Movie.swift in Sources */,
				5F19328025DD4B0200F0494B /* MovieListViewController.swift in Sources */,
				5F19327C25DD4B0200F0494B /* AppDelegate.swift in Sources */,
				5F18FB6225DD976100640C68 /* FetchingManager.swift in Sources */,
				5F34C13B25DF064300701CBC /* SceneDelegate.swift in Sources */,
				5F18FB6B25DDAD4B00640C68 /* PopupViews.swift in Sources */,
				5F34C11E25DEA2F100701CBC /* UserDefaultsManager.swift in Sources */,
				5F34C12A25DEFC1A00701CBC /* LoadMoreCell.swift in Sources */,
				5F1932C625DD50AE00F0494B /* MovieCollectionViewCell.swift in Sources */,
			);
			runOnlyForDeploymentPostprocessing = 0;
		};
		5F19328A25DD4B0200F0494B /* Sources */ = {
			isa = PBXSourcesBuildPhase;
			buildActionMask = 2147483647;
			files = (
				5F19329325DD4B0200F0494B /* MovieLandTests.swift in Sources */,
			);
			runOnlyForDeploymentPostprocessing = 0;
		};
		5F19329525DD4B0200F0494B /* Sources */ = {
			isa = PBXSourcesBuildPhase;
			buildActionMask = 2147483647;
			files = (
				5F19329E25DD4B0200F0494B /* MovieLandUITests.swift in Sources */,
			);
			runOnlyForDeploymentPostprocessing = 0;
		};
/* End PBXSourcesBuildPhase section */

/* Begin PBXTargetDependency section */
		5F19329025DD4B0200F0494B /* PBXTargetDependency */ = {
			isa = PBXTargetDependency;
			target = 5F19327725DD4B0200F0494B /* MovieLand */;
			targetProxy = 5F19328F25DD4B0200F0494B /* PBXContainerItemProxy */;
		};
		5F19329B25DD4B0200F0494B /* PBXTargetDependency */ = {
			isa = PBXTargetDependency;
			target = 5F19327725DD4B0200F0494B /* MovieLand */;
			targetProxy = 5F19329A25DD4B0200F0494B /* PBXContainerItemProxy */;
		};
/* End PBXTargetDependency section */

/* Begin PBXVariantGroup section */
		5F19328125DD4B0200F0494B /* Main.storyboard */ = {
			isa = PBXVariantGroup;
			children = (
				5F19328225DD4B0200F0494B /* Base */,
			);
			name = Main.storyboard;
			sourceTree = "<group>";
		};
		5F19328625DD4B0200F0494B /* LaunchScreen.storyboard */ = {
			isa = PBXVariantGroup;
			children = (
				5F19328725DD4B0200F0494B /* Base */,
			);
			name = LaunchScreen.storyboard;
			sourceTree = "<group>";
		};
/* End PBXVariantGroup section */

/* Begin XCBuildConfiguration section */
		5F1932A025DD4B0200F0494B /* Debug */ = {
			isa = XCBuildConfiguration;
			buildSettings = {
				ALWAYS_SEARCH_USER_PATHS = NO;
				CLANG_ANALYZER_NONNULL = YES;
				CLANG_ANALYZER_NUMBER_OBJECT_CONVERSION = YES_AGGRESSIVE;
				CLANG_CXX_LANGUAGE_STANDARD = "gnu++14";
				CLANG_CXX_LIBRARY = "libc++";
				CLANG_ENABLE_MODULES = YES;
				CLANG_ENABLE_OBJC_ARC = YES;
				CLANG_ENABLE_OBJC_WEAK = YES;
				CLANG_WARN_BLOCK_CAPTURE_AUTORELEASING = YES;
				CLANG_WARN_BOOL_CONVERSION = YES;
				CLANG_WARN_COMMA = YES;
				CLANG_WARN_CONSTANT_CONVERSION = YES;
				CLANG_WARN_DEPRECATED_OBJC_IMPLEMENTATIONS = YES;
				CLANG_WARN_DIRECT_OBJC_ISA_USAGE = YES_ERROR;
				CLANG_WARN_DOCUMENTATION_COMMENTS = YES;
				CLANG_WARN_EMPTY_BODY = YES;
				CLANG_WARN_ENUM_CONVERSION = YES;
				CLANG_WARN_INFINITE_RECURSION = YES;
				CLANG_WARN_INT_CONVERSION = YES;
				CLANG_WARN_NON_LITERAL_NULL_CONVERSION = YES;
				CLANG_WARN_OBJC_IMPLICIT_RETAIN_SELF = YES;
				CLANG_WARN_OBJC_LITERAL_CONVERSION = YES;
				CLANG_WARN_OBJC_ROOT_CLASS = YES_ERROR;
				CLANG_WARN_QUOTED_INCLUDE_IN_FRAMEWORK_HEADER = YES;
				CLANG_WARN_RANGE_LOOP_ANALYSIS = YES;
				CLANG_WARN_STRICT_PROTOTYPES = YES;
				CLANG_WARN_SUSPICIOUS_MOVE = YES;
				CLANG_WARN_UNGUARDED_AVAILABILITY = YES_AGGRESSIVE;
				CLANG_WARN_UNREACHABLE_CODE = YES;
				CLANG_WARN__DUPLICATE_METHOD_MATCH = YES;
				COPY_PHASE_STRIP = NO;
				DEBUG_INFORMATION_FORMAT = dwarf;
				ENABLE_STRICT_OBJC_MSGSEND = YES;
				ENABLE_TESTABILITY = YES;
				GCC_C_LANGUAGE_STANDARD = gnu11;
				GCC_DYNAMIC_NO_PIC = NO;
				GCC_NO_COMMON_BLOCKS = YES;
				GCC_OPTIMIZATION_LEVEL = 0;
				GCC_PREPROCESSOR_DEFINITIONS = (
					"DEBUG=1",
					"$(inherited)",
				);
				GCC_WARN_64_TO_32_BIT_CONVERSION = YES;
				GCC_WARN_ABOUT_RETURN_TYPE = YES_ERROR;
				GCC_WARN_UNDECLARED_SELECTOR = YES;
				GCC_WARN_UNINITIALIZED_AUTOS = YES_AGGRESSIVE;
				GCC_WARN_UNUSED_FUNCTION = YES;
				GCC_WARN_UNUSED_VARIABLE = YES;
				IPHONEOS_DEPLOYMENT_TARGET = 14.4;
				MTL_ENABLE_DEBUG_INFO = INCLUDE_SOURCE;
				MTL_FAST_MATH = YES;
				ONLY_ACTIVE_ARCH = YES;
				SDKROOT = iphoneos;
				SWIFT_ACTIVE_COMPILATION_CONDITIONS = DEBUG;
				SWIFT_OPTIMIZATION_LEVEL = "-Onone";
			};
			name = Debug;
		};
		5F1932A125DD4B0200F0494B /* Release */ = {
			isa = XCBuildConfiguration;
			buildSettings = {
				ALWAYS_SEARCH_USER_PATHS = NO;
				CLANG_ANALYZER_NONNULL = YES;
				CLANG_ANALYZER_NUMBER_OBJECT_CONVERSION = YES_AGGRESSIVE;
				CLANG_CXX_LANGUAGE_STANDARD = "gnu++14";
				CLANG_CXX_LIBRARY = "libc++";
				CLANG_ENABLE_MODULES = YES;
				CLANG_ENABLE_OBJC_ARC = YES;
				CLANG_ENABLE_OBJC_WEAK = YES;
				CLANG_WARN_BLOCK_CAPTURE_AUTORELEASING = YES;
				CLANG_WARN_BOOL_CONVERSION = YES;
				CLANG_WARN_COMMA = YES;
				CLANG_WARN_CONSTANT_CONVERSION = YES;
				CLANG_WARN_DEPRECATED_OBJC_IMPLEMENTATIONS = YES;
				CLANG_WARN_DIRECT_OBJC_ISA_USAGE = YES_ERROR;
				CLANG_WARN_DOCUMENTATION_COMMENTS = YES;
				CLANG_WARN_EMPTY_BODY = YES;
				CLANG_WARN_ENUM_CONVERSION = YES;
				CLANG_WARN_INFINITE_RECURSION = YES;
				CLANG_WARN_INT_CONVERSION = YES;
				CLANG_WARN_NON_LITERAL_NULL_CONVERSION = YES;
				CLANG_WARN_OBJC_IMPLICIT_RETAIN_SELF = YES;
				CLANG_WARN_OBJC_LITERAL_CONVERSION = YES;
				CLANG_WARN_OBJC_ROOT_CLASS = YES_ERROR;
				CLANG_WARN_QUOTED_INCLUDE_IN_FRAMEWORK_HEADER = YES;
				CLANG_WARN_RANGE_LOOP_ANALYSIS = YES;
				CLANG_WARN_STRICT_PROTOTYPES = YES;
				CLANG_WARN_SUSPICIOUS_MOVE = YES;
				CLANG_WARN_UNGUARDED_AVAILABILITY = YES_AGGRESSIVE;
				CLANG_WARN_UNREACHABLE_CODE = YES;
				CLANG_WARN__DUPLICATE_METHOD_MATCH = YES;
				COPY_PHASE_STRIP = NO;
				DEBUG_INFORMATION_FORMAT = "dwarf-with-dsym";
				ENABLE_NS_ASSERTIONS = NO;
				ENABLE_STRICT_OBJC_MSGSEND = YES;
				GCC_C_LANGUAGE_STANDARD = gnu11;
				GCC_NO_COMMON_BLOCKS = YES;
				GCC_WARN_64_TO_32_BIT_CONVERSION = YES;
				GCC_WARN_ABOUT_RETURN_TYPE = YES_ERROR;
				GCC_WARN_UNDECLARED_SELECTOR = YES;
				GCC_WARN_UNINITIALIZED_AUTOS = YES_AGGRESSIVE;
				GCC_WARN_UNUSED_FUNCTION = YES;
				GCC_WARN_UNUSED_VARIABLE = YES;
				IPHONEOS_DEPLOYMENT_TARGET = 14.4;
				MTL_ENABLE_DEBUG_INFO = NO;
				MTL_FAST_MATH = YES;
				SDKROOT = iphoneos;
				SWIFT_COMPILATION_MODE = wholemodule;
				SWIFT_OPTIMIZATION_LEVEL = "-O";
				VALIDATE_PRODUCT = YES;
			};
			name = Release;
		};
		5F1932A325DD4B0200F0494B /* Debug */ = {
			isa = XCBuildConfiguration;
			buildSettings = {
				ASSETCATALOG_COMPILER_APPICON_NAME = AppIcon;
				ASSETCATALOG_COMPILER_GLOBAL_ACCENT_COLOR_NAME = AccentColor;
				CODE_SIGN_STYLE = Automatic;
				DEVELOPMENT_TEAM = T6LV8XV6D9;
				INFOPLIST_FILE = MovieLand/Info.plist;
				LD_RUNPATH_SEARCH_PATHS = (
					"$(inherited)",
					"@executable_path/Frameworks",
				);
				PRODUCT_BUNDLE_IDENTIFIER = com.portakalkoku.MovieLand;
				PRODUCT_NAME = "$(TARGET_NAME)";
				SWIFT_VERSION = 5.0;
				TARGETED_DEVICE_FAMILY = "1,2";
			};
			name = Debug;
		};
		5F1932A425DD4B0200F0494B /* Release */ = {
			isa = XCBuildConfiguration;
			buildSettings = {
				ASSETCATALOG_COMPILER_APPICON_NAME = AppIcon;
				ASSETCATALOG_COMPILER_GLOBAL_ACCENT_COLOR_NAME = AccentColor;
				CODE_SIGN_STYLE = Automatic;
				DEVELOPMENT_TEAM = T6LV8XV6D9;
				INFOPLIST_FILE = MovieLand/Info.plist;
				LD_RUNPATH_SEARCH_PATHS = (
					"$(inherited)",
					"@executable_path/Frameworks",
				);
				PRODUCT_BUNDLE_IDENTIFIER = com.portakalkoku.MovieLand;
				PRODUCT_NAME = "$(TARGET_NAME)";
				SWIFT_VERSION = 5.0;
				TARGETED_DEVICE_FAMILY = "1,2";
			};
			name = Release;
		};
		5F1932A625DD4B0200F0494B /* Debug */ = {
			isa = XCBuildConfiguration;
			buildSettings = {
				ALWAYS_EMBED_SWIFT_STANDARD_LIBRARIES = YES;
				BUNDLE_LOADER = "$(TEST_HOST)";
				CODE_SIGN_STYLE = Automatic;
				DEVELOPMENT_TEAM = T6LV8XV6D9;
				INFOPLIST_FILE = MovieLandTests/Info.plist;
				IPHONEOS_DEPLOYMENT_TARGET = 14.4;
				LD_RUNPATH_SEARCH_PATHS = (
					"$(inherited)",
					"@executable_path/Frameworks",
					"@loader_path/Frameworks",
				);
				PRODUCT_BUNDLE_IDENTIFIER = com.portakalkoku.MovieLandTests;
				PRODUCT_NAME = "$(TARGET_NAME)";
				SWIFT_VERSION = 5.0;
				TARGETED_DEVICE_FAMILY = "1,2";
				TEST_HOST = "$(BUILT_PRODUCTS_DIR)/MovieLand.app/MovieLand";
			};
			name = Debug;
		};
		5F1932A725DD4B0200F0494B /* Release */ = {
			isa = XCBuildConfiguration;
			buildSettings = {
				ALWAYS_EMBED_SWIFT_STANDARD_LIBRARIES = YES;
				BUNDLE_LOADER = "$(TEST_HOST)";
				CODE_SIGN_STYLE = Automatic;
				DEVELOPMENT_TEAM = T6LV8XV6D9;
				INFOPLIST_FILE = MovieLandTests/Info.plist;
				IPHONEOS_DEPLOYMENT_TARGET = 14.4;
				LD_RUNPATH_SEARCH_PATHS = (
					"$(inherited)",
					"@executable_path/Frameworks",
					"@loader_path/Frameworks",
				);
				PRODUCT_BUNDLE_IDENTIFIER = com.portakalkoku.MovieLandTests;
				PRODUCT_NAME = "$(TARGET_NAME)";
				SWIFT_VERSION = 5.0;
				TARGETED_DEVICE_FAMILY = "1,2";
				TEST_HOST = "$(BUILT_PRODUCTS_DIR)/MovieLand.app/MovieLand";
			};
			name = Release;
		};
		5F1932A925DD4B0200F0494B /* Debug */ = {
			isa = XCBuildConfiguration;
			buildSettings = {
				ALWAYS_EMBED_SWIFT_STANDARD_LIBRARIES = YES;
				CODE_SIGN_STYLE = Automatic;
				DEVELOPMENT_TEAM = T6LV8XV6D9;
				INFOPLIST_FILE = MovieLandUITests/Info.plist;
				LD_RUNPATH_SEARCH_PATHS = (
					"$(inherited)",
					"@executable_path/Frameworks",
					"@loader_path/Frameworks",
				);
				PRODUCT_BUNDLE_IDENTIFIER = com.portakalkoku.MovieLandUITests;
				PRODUCT_NAME = "$(TARGET_NAME)";
				SWIFT_VERSION = 5.0;
				TARGETED_DEVICE_FAMILY = "1,2";
				TEST_TARGET_NAME = MovieLand;
			};
			name = Debug;
		};
		5F1932AA25DD4B0200F0494B /* Release */ = {
			isa = XCBuildConfiguration;
			buildSettings = {
				ALWAYS_EMBED_SWIFT_STANDARD_LIBRARIES = YES;
				CODE_SIGN_STYLE = Automatic;
				DEVELOPMENT_TEAM = T6LV8XV6D9;
				INFOPLIST_FILE = MovieLandUITests/Info.plist;
				LD_RUNPATH_SEARCH_PATHS = (
					"$(inherited)",
					"@executable_path/Frameworks",
					"@loader_path/Frameworks",
				);
				PRODUCT_BUNDLE_IDENTIFIER = com.portakalkoku.MovieLandUITests;
				PRODUCT_NAME = "$(TARGET_NAME)";
				SWIFT_VERSION = 5.0;
				TARGETED_DEVICE_FAMILY = "1,2";
				TEST_TARGET_NAME = MovieLand;
			};
			name = Release;
		};
/* End XCBuildConfiguration section */

/* Begin XCConfigurationList section */
		5F19327325DD4B0200F0494B /* Build configuration list for PBXProject "MovieLand" */ = {
			isa = XCConfigurationList;
			buildConfigurations = (
				5F1932A025DD4B0200F0494B /* Debug */,
				5F1932A125DD4B0200F0494B /* Release */,
			);
			defaultConfigurationIsVisible = 0;
			defaultConfigurationName = Release;
		};
		5F1932A225DD4B0200F0494B /* Build configuration list for PBXNativeTarget "MovieLand" */ = {
			isa = XCConfigurationList;
			buildConfigurations = (
				5F1932A325DD4B0200F0494B /* Debug */,
				5F1932A425DD4B0200F0494B /* Release */,
			);
			defaultConfigurationIsVisible = 0;
			defaultConfigurationName = Release;
		};
		5F1932A525DD4B0200F0494B /* Build configuration list for PBXNativeTarget "MovieLandTests" */ = {
			isa = XCConfigurationList;
			buildConfigurations = (
				5F1932A625DD4B0200F0494B /* Debug */,
				5F1932A725DD4B0200F0494B /* Release */,
			);
			defaultConfigurationIsVisible = 0;
			defaultConfigurationName = Release;
		};
		5F1932A825DD4B0200F0494B /* Build configuration list for PBXNativeTarget "MovieLandUITests" */ = {
			isa = XCConfigurationList;
			buildConfigurations = (
				5F1932A925DD4B0200F0494B /* Debug */,
				5F1932AA25DD4B0200F0494B /* Release */,
			);
			defaultConfigurationIsVisible = 0;
			defaultConfigurationName = Release;
		};
/* End XCConfigurationList section */
	};
	rootObject = 5F19327025DD4B0200F0494B /* Project object */;
}
